PODS:
  - Alamofire (4.8.2)
  - ModelMapper (10.0.0):
    - ModelMapper/Core (= 10.0.0)
  - ModelMapper/Core (10.0.0)
  - Moya (12.0.1):
    - Moya/Core (= 12.0.1)
  - Moya-ModelMapper/Core (8.0.0):
    - ModelMapper
    - Moya (~> 12.0)
  - Moya-ModelMapper/RxSwift (8.0.0):
    - Moya-ModelMapper/Core
    - Moya/RxSwift (~> 12.0)
    - RxSwift
  - Moya/Core (12.0.1):
    - Alamofire (~> 4.1)
    - Result (~> 4.0)
  - Moya/RxSwift (12.0.1):
    - Moya/Core
    - RxSwift (~> 4.0)
  - Nimble (5.0.0)
  - Quick (0.10.0)
  - Result (4.1.0)
  - RxAtomic (4.4.2)
  - RxCocoa (4.4.2):
    - RxSwift (>= 4.4.2, ~> 4.4)
  - RxSwift (4.4.2):
    - RxAtomic (>= 4.4.2, ~> 4.4)

DEPENDENCIES:
  - Moya-ModelMapper/RxSwift (~> 8.0)
  - Nimble (= 5.0.0)
  - Quick (= 0.10.0)
  - RxCocoa (~> 4.0)
  - RxSwift (~> 4.0)

SPEC REPOS:
  https://github.com/cocoapods/specs.git:
    - Alamofire
    - ModelMapper
    - Moya
    - Moya-ModelMapper
    - Nimble
    - Quick
    - Result
    - RxAtomic
    - RxCocoa
    - RxSwift

SPEC CHECKSUMS:
  Alamofire: ae5c501addb7afdbb13687d7f2f722c78734c2d3
  ModelMapper: a8dbf2a2003bf626627b9fe7c9a22b3405a30404
  Moya: cf730b3cd9e005401ef37a85143aa141a12fd38f
  Moya-ModelMapper: 9032a62301f6489405d56b7bb4e1f54944638fe3
  Nimble: 56fc9f5020effa2206de22c3dd910f4fb011b92f
  Quick: 5d290df1c69d5ee2f0729956dcf0fd9a30447eaa
  Result: bd966fac789cc6c1563440b348ab2598cc24d5c7
  RxAtomic: d00e97c10db88c6f08540e0bf2752fc5a2404167
  RxCocoa: 477990dc3b4c3ff55fb0ac77e1cc06244e0aaec8
  RxSwift: 74c29b693c8e42b0f64400e8b06564575742d649

PODFILE CHECKSUM: 77c27d618933ec43cdae015e7ed70e237274cdf5

COCOAPODS: 1.6.1
